
Microsoft Visual Studio Solution File, Format Version 12.00
# Visual Studio 15
VisualStudioVersion = 15.0.28307.438
MinimumVisualStudioVersion = 10.0.40219.1
Project("{FAE04EC0-301F-11D3-BF4B-00C04F79EFBC}") = "WindowsFormsApp1", "WindowsFormsApp1\WindowsFormsApp1.csproj", "{78BD73CE-C03A-40D1-AF36-B839A16975AB}"
EndProject
Project("{FAE04EC0-301F-11D3-BF4B-00C04F79EFBC}") = "Util", "Library\Util.csproj", "{A64269D6-04C3-47D8-91C2-38730A1270CE}"
EndProject
Global
	GlobalSection(SolutionConfigurationPlatforms) = preSolution
		Debug|Any CPU = Debug|Any CPU
		Release|Any CPU = Release|Any CPU
	EndGlobalSection
	GlobalSection(ProjectConfigurationPlatforms) = postSolution
		{78BD73CE-C03A-40D1-AF36-B839A16975AB}.Debug|Any CPU.ActiveCfg = Debug|Any CPU
		{78BD73CE-C03A-40D1-AF36-B839A16975AB}.Debug|Any CPU.Build.0 = Debug|Any CPU
		{78BD73CE-C03A-40D1-AF36-B839A16975AB}.Release|Any CPU.ActiveCfg = Release|Any CPU
		{78BD73CE-C03A-40D1-AF36-B839A16975AB}.Release|Any CPU.Build.0 = Release|Any CPU
		{A64269D6-04C3-47D8-91C2-38730A1270CE}.Debug|Any CPU.ActiveCfg = Debug|Any CPU
		{A64269D6-04C3-47D8-91C2-38730A1270CE}.Debug|Any CPU.Build.0 = Debug|Any CPU
		{A64269D6-04C3-47D8-91C2-38730A1270CE}.Release|Any CPU.ActiveCfg = Release|Any CPU
		{A64269D6-04C3-47D8-91C2-38730A1270CE}.Release|Any CPU.Build.0 = Release|Any CPU
	EndGlobalSection
	GlobalSection(SolutionProperties) = preSolution
		HideSolutionNode = FALSE
	EndGlobalSection
	GlobalSection(ExtensibilityGlobals) = postSolution
		SolutionGuid = {F3D5ED14-1275-416D-A52B-D78414971F51}
	EndGlobalSection
EndGlobal
